# This file is automatically @generated by Poetry 1.8.3 and should not be changed by hand.

[[package]]
name = "funget"
version = "1.0.4"
description = ""
optional = false
python-versions = "<4.0,>=3.7"
files = [
    {file = "funget-1.0.4-py3-none-any.whl", hash = "sha256:73dd1b9aaa68ab0a0dea3a86b84c6d802215cfd94d82cae4be3e7c4e9c260daa"},
    {file = "funget-1.0.4.tar.gz", hash = "sha256:0e71557528913eea5729558e19bab34b9e06497063089e33321f6edfcf4f1cd5"},
]

[[package]]
name = "funsecret"
version = "1.3.3"
description = ""
optional = false
python-versions = "<4.0,>=3.6"
files = [
    {file = "funsecret-1.3.3-py3-none-any.whl", hash = "sha256:17fad18cbc1a8ce1ed8bb480e1a752ca4170c6df8123ed06154e59dd81cac738"},
    {file = "funsecret-1.3.3.tar.gz", hash = "sha256:035706aeb0d5714b3f52077f36ecad188bff50eb3a427d002a41ebc20bb15c52"},
]

[metadata]
lock-version = "2.0"
python-versions = "^3.7"
content-hash = "933537547ff0cb56092d803861429993b36b8113ad11833f239be2845260109d"
