# This file is automatically @generated by Poetry 1.8.3 and should not be changed by hand.

[[package]]
name = "colorama"
version = "0.4.6"
description = "Cross-platform colored terminal text."
optional = false
python-versions = "!=3.0.*,!=3.1.*,!=3.2.*,!=3.3.*,!=3.4.*,!=3.5.*,!=3.6.*,>=2.7"
files = [
    {file = "colorama-0.4.6-py2.py3-none-any.whl", hash = "sha256:4f1d9991f5acc0ca119f9d443620b77f9d6b33703e51011c16baf57afb285fc6"},
    {file = "colorama-0.4.6.tar.gz", hash = "sha256:08695f5cb7ed6e0531a20572697297273c47b8cae5a63ffc6d6ed5c201be6e44"},
]

[[package]]
name = "funfile"
version = "1.0.2"
description = ""
optional = false
python-versions = "<4.0,>=3.7"
files = [
    {file = "funfile-1.0.2-py3-none-any.whl", hash = "sha256:b472a2648d7124360c1a7bf965c1ee991838a67a67c9622110bbdce0068c5d39"},
    {file = "funfile-1.0.2.tar.gz", hash = "sha256:e6151494d0ea27cbb895dd543a44287e91e12cec042a6b137497b116a40439c8"},
]

[package.dependencies]
tqdm = ">=4.66.5,<5.0.0"

[[package]]
name = "funget"
version = "1.0.4"
description = ""
optional = false
python-versions = "<4.0,>=3.7"
files = [
    {file = "funget-1.0.4-py3-none-any.whl", hash = "sha256:73dd1b9aaa68ab0a0dea3a86b84c6d802215cfd94d82cae4be3e7c4e9c260daa"},
    {file = "funget-1.0.4.tar.gz", hash = "sha256:0e71557528913eea5729558e19bab34b9e06497063089e33321f6edfcf4f1cd5"},
]

[[package]]
name = "funsecret"
version = "1.3.3"
description = ""
optional = false
python-versions = "<4.0,>=3.6"
files = [
    {file = "funsecret-1.3.3-py3-none-any.whl", hash = "sha256:17fad18cbc1a8ce1ed8bb480e1a752ca4170c6df8123ed06154e59dd81cac738"},
    {file = "funsecret-1.3.3.tar.gz", hash = "sha256:035706aeb0d5714b3f52077f36ecad188bff50eb3a427d002a41ebc20bb15c52"},
]

[[package]]
name = "tqdm"
version = "4.66.5"
description = "Fast, Extensible Progress Meter"
optional = false
python-versions = ">=3.7"
files = [
    {file = "tqdm-4.66.5-py3-none-any.whl", hash = "sha256:90279a3770753eafc9194a0364852159802111925aa30eb3f9d85b0e805ac7cd"},
    {file = "tqdm-4.66.5.tar.gz", hash = "sha256:e1020aef2e5096702d8a025ac7d16b1577279c9d63f8375b63083e9a5f0fcbad"},
]

[package.dependencies]
colorama = {version = "*", markers = "platform_system == \"Windows\""}

[package.extras]
dev = ["pytest (>=6)", "pytest-cov", "pytest-timeout", "pytest-xdist"]
notebook = ["ipywidgets (>=6)"]
slack = ["slack-sdk"]
telegram = ["requests"]

[metadata]
lock-version = "2.0"
python-versions = "^3.7"
content-hash = "a44d0d17d8bf8fd5552dc5e7d9e5d6aec3dceb63895f3083feb2c4404af4377c"
