# This file is automatically @generated by Poetry 1.8.3 and should not be changed by hand.

[[package]]
name = "colorama"
version = "0.4.6"
description = "Cross-platform colored terminal text."
optional = false
python-versions = "!=3.0.*,!=3.1.*,!=3.2.*,!=3.3.*,!=3.4.*,!=3.5.*,!=3.6.*,>=2.7"
files = [
    {file = "colorama-0.4.6-py2.py3-none-any.whl", hash = "sha256:4f1d9991f5acc0ca119f9d443620b77f9d6b33703e51011c16baf57afb285fc6"},
    {file = "colorama-0.4.6.tar.gz", hash = "sha256:08695f5cb7ed6e0531a20572697297273c47b8cae5a63ffc6d6ed5c201be6e44"},
]

[[package]]
name = "funfile"
version = "1.0.5"
description = ""
optional = false
python-versions = "<4.0,>=3.8"
files = [
    {file = "funfile-1.0.5-py3-none-any.whl", hash = "sha256:5a11791728e045721cf5cd51de816bcd10160c1ecb9625f5386654117fad49b5"},
    {file = "funfile-1.0.5.tar.gz", hash = "sha256:34e207af2164df5b77733d9220de9972e004d5393a943c174c44e7f86dff7366"},
]

[package.dependencies]
tqdm = ">=4.66.5,<5.0.0"

[[package]]
name = "funget"
version = "1.0.7"
description = ""
optional = false
python-versions = "<4.0,>=3.8"
files = [
    {file = "funget-1.0.7-py3-none-any.whl", hash = "sha256:f4e4f0e5cd8dba7290ca0262d74350be79945704e7bb5237f9b01746679bcec8"},
    {file = "funget-1.0.7.tar.gz", hash = "sha256:c6ff4afe777f24049b9a1cc988d1c055ada78da42b338436e8ffd32e6a4f4cb9"},
]

[package.dependencies]
funfile = ">=1.0.2,<2.0.0"

[[package]]
name = "funsecret"
version = "1.3.3"
description = ""
optional = false
python-versions = "<4.0,>=3.6"
files = [
    {file = "funsecret-1.3.3-py3-none-any.whl", hash = "sha256:17fad18cbc1a8ce1ed8bb480e1a752ca4170c6df8123ed06154e59dd81cac738"},
    {file = "funsecret-1.3.3.tar.gz", hash = "sha256:035706aeb0d5714b3f52077f36ecad188bff50eb3a427d002a41ebc20bb15c52"},
]

[[package]]
name = "tqdm"
version = "4.66.5"
description = "Fast, Extensible Progress Meter"
optional = false
python-versions = ">=3.7"
files = [
    {file = "tqdm-4.66.5-py3-none-any.whl", hash = "sha256:90279a3770753eafc9194a0364852159802111925aa30eb3f9d85b0e805ac7cd"},
    {file = "tqdm-4.66.5.tar.gz", hash = "sha256:e1020aef2e5096702d8a025ac7d16b1577279c9d63f8375b63083e9a5f0fcbad"},
]

[package.dependencies]
colorama = {version = "*", markers = "platform_system == \"Windows\""}

[package.extras]
dev = ["pytest (>=6)", "pytest-cov", "pytest-timeout", "pytest-xdist"]
notebook = ["ipywidgets (>=6)"]
slack = ["slack-sdk"]
telegram = ["requests"]

[metadata]
lock-version = "2.0"
python-versions = "^3.8"
content-hash = "9af1b6d5db5f94acac63a4432de93e51873656f0f7b66c3f6ff24e5e7cc585eb"
